{
  "requires": true,
  "lockfileVersion": 1,
  "dependencies": {
    "babel-runtime": {
      "version": "5.8.38",
      "resolved": "https://registry.npmjs.org/babel-runtime/-/babel-runtime-5.8.38.tgz",
      "integrity": "sha1-HAsC62MxL18If/IEUIJ7QlydTBk=",
      "requires": {
        "core-js": "^1.0.0"
      }
    },
    "core-js": {
      "version": "1.2.7",
      "resolved": "https://registry.npmjs.org/core-js/-/core-js-1.2.7.tgz",
      "integrity": "sha1-ZSKUwUZR2yj6k70tX/KYOk8IxjY="
    },
    "jsnetworkx": {
      "version": "0.3.4",
      "resolved": "https://registry.npmjs.org/jsnetworkx/-/jsnetworkx-0.3.4.tgz",
      "integrity": "sha1-HAAl35QgjOtcxZ5lj5qb9f709vQ=",
      "requires": {
        "babel-runtime": "^5",
        "lodash": "^3.3.1",
        "through": "^2.3.6",
        "tiny-sprintf": "^0.3.0"
      }
    },
    "lodash": {
      "version": "3.10.1",
      "resolved": "https://registry.npmjs.org/lodash/-/lodash-3.10.1.tgz",
      "integrity": "sha1-W/Rejkm6QYnhfUgnid/RW9FAt7Y="
    },
    "through": {
      "version": "2.3.8",
      "resolved": "http://registry.npmjs.org/through/-/through-2.3.8.tgz",
      "integrity": "sha1-DdTJ/6q8NXlgsbckEV1+Doai4fU="
    },
    "tiny-sprintf": {
      "version": "0.3.0",
      "resolved": "https://registry.npmjs.org/tiny-sprintf/-/tiny-sprintf-0.3.0.tgz",
      "integrity": "sha1-QnL9XB0vkoByI/wW1yj98wWVoz4="
    }
  }
}
